Microsoft Visual Studio Solution File, Format Version 11.00
# Visual Studio 2008

Project("{31E3EB23-BB1E-B0AE-9E7B-9456B505B57A}") = "Nacked Survival", "Assembly-CSharp.csproj", "{8674F690-E5CE-1028-9F45-E2A7B00B5CE6}"
EndProject
Global
	GlobalSection(SolutionConfigurationPlatforms) = preSolution
		Debug|Any CPU = Debug|Any CPU
		Release|Any CPU = Release|Any CPU
	EndGlobalSection
	GlobalSection(ProjectConfigurationPlatforms) = postSolution
		{8674F690-E5CE-1028-9F45-E2A7B00B5CE6}.Debug|Any CPU.ActiveCfg = Debug|Any CPU
		{8674F690-E5CE-1028-9F45-E2A7B00B5CE6}.Debug|Any CPU.Build.0 = Debug|Any CPU
		{8674F690-E5CE-1028-9F45-E2A7B00B5CE6}.Release|Any CPU.ActiveCfg = Release|Any CPU
		{8674F690-E5CE-1028-9F45-E2A7B00B5CE6}.Release|Any CPU.Build.0 = Release|Any CPU
	EndGlobalSection
	GlobalSection(SolutionProperties) = preSolution
		HideSolutionNode = FALSE
	EndGlobalSection
	GlobalSection(MonoDevelopProperties) = preSolution
		StartupItem = Assembly-CSharp.csproj
	EndGlobalSection
EndGlobal
